// !$*UTF8*$!
{
	archiveVersion = 1;
	classes = {
	};
	objectVersion = 46;
	objects = {

/* Begin PBXBuildFile section */
		9FDCF57A1B41B87200CF137B /* main.m in Sources */ = {isa = PBXBuildFile; fileRef = 9FDCF5791B41B87200CF137B /* main.m */; };
		9FDCF57D1B41B87200CF137B /* AppDelegate.m in Sources */ = {isa = PBXBuildFile; fileRef = 9FDCF57C1B41B87200CF137B /* AppDelegate.m */; };
		9FDCF5801B41B87200CF137B /* ViewController.m in Sources */ = {isa = PBXBuildFile; fileRef = 9FDCF57F1B41B87200CF137B /* ViewController.m */; };
		9FDCF5831B41B87200CF137B /* Main.storyboard in Resources */ = {isa = PBXBuildFile; fileRef = 9FDCF5811B41B87200CF137B /* Main.storyboard */; };
		9FDCF5851B41B87200CF137B /* Images.xcassets in Resources */ = {isa = PBXBuildFile; fileRef = 9FDCF5841B41B87200CF137B /* Images.xcassets */; };
		9FDCF5881B41B87200CF137B /* LaunchScreen.xib in Resources */ = {isa = PBXBuildFile; fileRef = 9FDCF5861B41B87200CF137B /* LaunchScreen.xib */; };
		9FDCF5941B41B87200CF137B /* SimpleCalculatorTests.m in Sources */ = {isa = PBXBuildFile; fileRef = 9FDCF5931B41B87200CF137B /* SimpleCalculatorTests.m */; };
/* End PBXBuildFile section */

/* Begin PBXContainerItemProxy section */
		9FDCF58E1B41B87200CF137B /* PBXContainerItemProxy */ = {
			isa = PBXContainerItemProxy;
			containerPortal = 9FDCF56C1B41B87200CF137B /* Project object */;
			proxyType = 1;
			remoteGlobalIDString = 9FDCF5731B41B87200CF137B;
			remoteInfo = SimpleCalculator;
		};
/* End PBXContainerItemProxy section */

/* Begin PBXFileReference section */
		9FDCF5741B41B87200CF137B /* SimpleCalculator.app */ = {isa = PBXFileReference; explicitFileType = wrapper.application; includeInIndex = 0; path = SimpleCalculator.app; sourceTree = BUILT_PRODUCTS_DIR; };
		9FDCF5781B41B87200CF137B /* Info.plist */ = {isa = PBXFileReference; lastKnownFileType = text.plist.xml; path = Info.plist; sourceTree = "<group>"; };
		9FDCF5791B41B87200CF137B /* main.m */ = {isa = PBXFileReference; lastKnownFileType = sourcecode.c.objc; path = main.m; sourceTree = "<group>"; };
		9FDCF57B1B41B87200CF137B /* AppDelegate.h */ = {isa = PBXFileReference; lastKnownFileType = sourcecode.c.h; path = AppDelegate.h; sourceTree = "<group>"; };
		9FDCF57C1B41B87200CF137B /* AppDelegate.m */ = {isa = PBXFileReference; lastKnownFileType = sourcecode.c.objc; path = AppDelegate.m; sourceTree = "<group>"; };
		9FDCF57E1B41B87200CF137B /* ViewController.h */ = {isa = PBXFileReference; lastKnownFileType = sourcecode.c.h; path = ViewController.h; sourceTree = "<group>"; };
		9FDCF57F1B41B87200CF137B /* ViewController.m */ = {isa = PBXFileReference; lastKnownFileType = sourcecode.c.objc; path = ViewController.m; sourceTree = "<group>"; };
		9FDCF5821B41B87200CF137B /* Base */ = {isa = PBXFileReference; lastKnownFileType = file.storyboard; name = Base; path = Base.lproj/Main.storyboard; sourceTree = "<group>"; };
		9FDCF5841B41B87200CF137B /* Images.xcassets */ = {isa = PBXFileReference; lastKnownFileType = folder.assetcatalog; path = Images.xcassets; sourceTree = "<group>"; };
		9FDCF5871B41B87200CF137B /* Base */ = {isa = PBXFileReference; lastKnownFileType = file.xib; name = Base; path = Base.lproj/LaunchScreen.xib; sourceTree = "<group>"; };
		9FDCF58D1B41B87200CF137B /* SimpleCalculatorTests.xctest */ = {isa = PBXFileReference; explicitFileType = wrapper.cfbundle; includeInIndex = 0; path = SimpleCalculatorTests.xctest; sourceTree = BUILT_PRODUCTS_DIR; };
		9FDCF5921B41B87200CF137B /* Info.plist */ = {isa = PBXFileReference; lastKnownFileType = text.plist.xml; path = Info.plist; sourceTree = "<group>"; };
		9FDCF5931B41B87200CF137B /* SimpleCalculatorTests.m */ = {isa = PBXFileReference; lastKnownFileType = sourcecode.c.objc; path = SimpleCalculatorTests.m; sourceTree = "<group>"; };
/* End PBXFileReference section */

/* Begin PBXFrameworksBuildPhase section */
		9FDCF5711B41B87200CF137B /* Frameworks */ = {
			isa = PBXFrameworksBuildPhase;
			buildActionMask = 2147483647;
			files = (
			);
			runOnlyForDeploymentPostprocessing = 0;
		};
		9FDCF58A1B41B87200CF137B /* Frameworks */ = {
			isa = PBXFrameworksBuildPhase;
			buildActionMask = 2147483647;
			files = (
			);
			runOnlyForDeploymentPostprocessing = 0;
		};
/* End PBXFrameworksBuildPhase section */

/* Begin PBXGroup section */
		9FDCF56B1B41B87200CF137B = {
			isa = PBXGroup;
			children = (
				9FDCF5761B41B87200CF137B /* SimpleCalculator */,
				9FDCF5901B41B87200CF137B /* SimpleCalculatorTests */,
				9FDCF5751B41B87200CF137B /* Products */,
			);
			sourceTree = "<group>";
		};
		9FDCF5751B41B87200CF137B /* Products */ = {
			isa = PBXGroup;
			children = (
				9FDCF5741B41B87200CF137B /* SimpleCalculator.app */,
				9FDCF58D1B41B87200CF137B /* SimpleCalculatorTests.xctest */,
			);
			name = Products;
			sourceTree = "<group>";
		};
		9FDCF5761B41B87200CF137B /* SimpleCalculator */ = {
			isa = PBXGroup;
			children = (
				9FDCF57B1B41B87200CF137B /* AppDelegate.h */,
				9FDCF57C1B41B87200CF137B /* AppDelegate.m */,
				9FDCF57E1B41B87200CF137B /* ViewController.h */,
				9FDCF57F1B41B87200CF137B /* ViewController.m */,
				9FDCF5811B41B87200CF137B /* Main.storyboard */,
				9FDCF5841B41B87200CF137B /* Images.xcassets */,
				9FDCF5861B41B87200CF137B /* LaunchScreen.xib */,
				9FDCF5771B41B87200CF137B /* Supporting Files */,
			);
			path = SimpleCalculator;
			sourceTree = "<group>";
		};
		9FDCF5771B41B87200CF137B /* Supporting Files */ = {
			isa = PBXGroup;
			children = (
				9FDCF5781B41B87200CF137B /* Info.plist */,
				9FDCF5791B41B87200CF137B /* main.m */,
			);
			name = "Supporting Files";
			sourceTree = "<group>";
		};
		9FDCF5901B41B87200CF137B /* SimpleCalculatorTests */ = {
			isa = PBXGroup;
			children = (
				9FDCF5931B41B87200CF137B /* SimpleCalculatorTests.m */,
				9FDCF5911B41B87200CF137B /* Supporting Files */,
			);
			path = SimpleCalculatorTests;
			sourceTree = "<group>";
		};
		9FDCF5911B41B87200CF137B /* Supporting Files */ = {
			isa = PBXGroup;
			children = (
				9FDCF5921B41B87200CF137B /* Info.plist */,
			);
			name = "Supporting Files";
			sourceTree = "<group>";
		};
/* End PBXGroup section */

/* Begin PBXNativeTarget section */
		9FDCF5731B41B87200CF137B /* SimpleCalculator */ = {
			isa = PBXNativeTarget;
			buildConfigurationList = 9FDCF5971B41B87200CF137B /* Build configuration list for PBXNativeTarget "SimpleCalculator" */;
			buildPhases = (
				9FDCF5701B41B87200CF137B /* Sources */,
				9FDCF5711B41B87200CF137B /* Frameworks */,
				9FDCF5721B41B87200CF137B /* Resources */,
			);
			buildRules = (
			);
			dependencies = (
			);
			name = SimpleCalculator;
			productName = SimpleCalculator;
			productReference = 9FDCF5741B41B87200CF137B /* SimpleCalculator.app */;
			productType = "com.apple.product-type.application";
		};
		9FDCF58C1B41B87200CF137B /* SimpleCalculatorTests */ = {
			isa = PBXNativeTarget;
			buildConfigurationList = 9FDCF59A1B41B87200CF137B /* Build configuration list for PBXNativeTarget "SimpleCalculatorTests" */;
			buildPhases = (
				9FDCF5891B41B87200CF137B /* Sources */,
				9FDCF58A1B41B87200CF137B /* Frameworks */,
				9FDCF58B1B41B87200CF137B /* Resources */,
			);
			buildRules = (
			);
			dependencies = (
				9FDCF58F1B41B87200CF137B /* PBXTargetDependency */,
			);
			name = SimpleCalculatorTests;
			productName = SimpleCalculatorTests;
			productReference = 9FDCF58D1B41B87200CF137B /* SimpleCalculatorTests.xctest */;
			productType = "com.apple.product-type.bundle.unit-test";
		};
/* End PBXNativeTarget section */

/* Begin PBXProject section */
		9FDCF56C1B41B87200CF137B /* Project object */ = {
			isa = PBXProject;
			attributes = {
				LastUpgradeCheck = 0630;
				ORGANIZATIONNAME = Originate;
				TargetAttributes = {
					9FDCF5731B41B87200CF137B = {
						CreatedOnToolsVersion = 6.3;
					};
					9FDCF58C1B41B87200CF137B = {
						CreatedOnToolsVersion = 6.3;
						TestTargetID = 9FDCF5731B41B87200CF137B;
					};
				};
			};
			buildConfigurationList = 9FDCF56F1B41B87200CF137B /* Build configuration list for PBXProject "SimpleCalculator" */;
			compatibilityVersion = "Xcode 3.2";
			developmentRegion = English;
			hasScannedForEncodings = 0;
			knownRegions = (
				en,
				Base,
			);
			mainGroup = 9FDCF56B1B41B87200CF137B;
			productRefGroup = 9FDCF5751B41B87200CF137B /* Products */;
			projectDirPath = "";
			projectRoot = "";
			targets = (
				9FDCF5731B41B87200CF137B /* SimpleCalculator */,
				9FDCF58C1B41B87200CF137B /* SimpleCalculatorTests */,
			);
		};
/* End PBXProject section */

/* Begin PBXResourcesBuildPhase section */
		9FDCF5721B41B87200CF137B /* Resources */ = {
			isa = PBXResourcesBuildPhase;
			buildActionMask = 2147483647;
			files = (
				9FDCF5831B41B87200CF137B /* Main.storyboard in Resources */,
				9FDCF5881B41B87200CF137B /* LaunchScreen.xib in Resources */,
				9FDCF5851B41B87200CF137B /* Images.xcassets in Resources */,
			);
			runOnlyForDeploymentPostprocessing = 0;
		};
		9FDCF58B1B41B87200CF137B /* Resources */ = {
			isa = PBXResourcesBuildPhase;
			buildActionMask = 2147483647;
			files = (
			);
			runOnlyForDeploymentPostprocessing = 0;
		};
/* End PBXResourcesBuildPhase section */

/* Begin PBXSourcesBuildPhase section */
		9FDCF5701B41B87200CF137B /* Sources */ = {
			isa = PBXSourcesBuildPhase;
			buildActionMask = 2147483647;
			files = (
				9FDCF5801B41B87200CF137B /* ViewController.m in Sources */,
				9FDCF57D1B41B87200CF137B /* AppDelegate.m in Sources */,
				9FDCF57A1B41B87200CF137B /* main.m in Sources */,
			);
			runOnlyForDeploymentPostprocessing = 0;
		};
		9FDCF5891B41B87200CF137B /* Sources */ = {
			isa = PBXSourcesBuildPhase;
			buildActionMask = 2147483647;
			files = (
				9FDCF5941B41B87200CF137B /* SimpleCalculatorTests.m in Sources */,
			);
			runOnlyForDeploymentPostprocessing = 0;
		};
/* End PBXSourcesBuildPhase section */

/* Begin PBXTargetDependency section */
		9FDCF58F1B41B87200CF137B /* PBXTargetDependency */ = {
			isa = PBXTargetDependency;
			target = 9FDCF5731B41B87200CF137B /* SimpleCalculator */;
			targetProxy = 9FDCF58E1B41B87200CF137B /* PBXContainerItemProxy */;
		};
/* End PBXTargetDependency section */

/* Begin PBXVariantGroup section */
		9FDCF5811B41B87200CF137B /* Main.storyboard */ = {
			isa = PBXVariantGroup;
			children = (
				9FDCF5821B41B87200CF137B /* Base */,
			);
			name = Main.storyboard;
			sourceTree = "<group>";
		};
		9FDCF5861B41B87200CF137B /* LaunchScreen.xib */ = {
			isa = PBXVariantGroup;
			children = (
				9FDCF5871B41B87200CF137B /* Base */,
			);
			name = LaunchScreen.xib;
			sourceTree = "<group>";
		};
/* End PBXVariantGroup section */

/* Begin XCBuildConfiguration section */
		9FDCF5951B41B87200CF137B /* Debug */ = {
			isa = XCBuildConfiguration;
			buildSettings = {
				ALWAYS_SEARCH_USER_PATHS = NO;
				CLANG_CXX_LANGUAGE_STANDARD = "gnu++0x";
				CLANG_CXX_LIBRARY = "libc++";
				CLANG_ENABLE_MODULES = YES;
				CLANG_ENABLE_OBJC_ARC = YES;
				CLANG_WARN_BOOL_CONVERSION = YES;
				CLANG_WARN_CONSTANT_CONVERSION = YES;
				CLANG_WARN_DIRECT_OBJC_ISA_USAGE = YES_ERROR;
				CLANG_WARN_EMPTY_BODY = YES;
				CLANG_WARN_ENUM_CONVERSION = YES;
				CLANG_WARN_INT_CONVERSION = YES;
				CLANG_WARN_OBJC_ROOT_CLASS = YES_ERROR;
				CLANG_WARN_UNREACHABLE_CODE = YES;
				CLANG_WARN__DUPLICATE_METHOD_MATCH = YES;
				"CODE_SIGN_IDENTITY[sdk=iphoneos*]" = "iPhone Developer";
				COPY_PHASE_STRIP = NO;
				DEBUG_INFORMATION_FORMAT = "dwarf-with-dsym";
				ENABLE_STRICT_OBJC_MSGSEND = YES;
				GCC_C_LANGUAGE_STANDARD = gnu99;
				GCC_DYNAMIC_NO_PIC = NO;
				GCC_NO_COMMON_BLOCKS = YES;
				GCC_OPTIMIZATION_LEVEL = 0;
				GCC_PREPROCESSOR_DEFINITIONS = (
					"DEBUG=1",
					"$(inherited)",
				);
				GCC_SYMBOLS_PRIVATE_EXTERN = NO;
				GCC_WARN_64_TO_32_BIT_CONVERSION = YES;
				GCC_WARN_ABOUT_RETURN_TYPE = YES_ERROR;
				GCC_WARN_UNDECLARED_SELECTOR = YES;
				GCC_WARN_UNINITIALIZED_AUTOS = YES_AGGRESSIVE;
				GCC_WARN_UNUSED_FUNCTION = YES;
				GCC_WARN_UNUSED_VARIABLE = YES;
				IPHONEOS_DEPLOYMENT_TARGET = 8.3;
				MTL_ENABLE_DEBUG_INFO = YES;
				ONLY_ACTIVE_ARCH = YES;
				SDKROOT = iphoneos;
			};
			name = Debug;
		};
		9FDCF5961B41B87200CF137B /* Release */ = {
			isa = XCBuildConfiguration;
			buildSettings = {
				ALWAYS_SEARCH_USER_PATHS = NO;
				CLANG_CXX_LANGUAGE_STANDARD = "gnu++0x";
				CLANG_CXX_LIBRARY = "libc++";
				CLANG_ENABLE_MODULES = YES;
				CLANG_ENABLE_OBJC_ARC = YES;
				CLANG_WARN_BOOL_CONVERSION = YES;
				CLANG_WARN_CONSTANT_CONVERSION = YES;
				CLANG_WARN_DIRECT_OBJC_ISA_USAGE = YES_ERROR;
				CLANG_WARN_EMPTY_BODY = YES;
				CLANG_WARN_ENUM_CONVERSION = YES;
				CLANG_WARN_INT_CONVERSION = YES;
				CLANG_WARN_OBJC_ROOT_CLASS = YES_ERROR;
				CLANG_WARN_UNREACHABLE_CODE = YES;
				CLANG_WARN__DUPLICATE_METHOD_MATCH = YES;
				"CODE_SIGN_IDENTITY[sdk=iphoneos*]" = "iPhone Developer";
				COPY_PHASE_STRIP = NO;
				DEBUG_INFORMATION_FORMAT = "dwarf-with-dsym";
				ENABLE_NS_ASSERTIONS = NO;
				ENABLE_STRICT_OBJC_MSGSEND = YES;
				GCC_C_LANGUAGE_STANDARD = gnu99;
				GCC_NO_COMMON_BLOCKS = YES;
				GCC_WARN_64_TO_32_BIT_CONVERSION = YES;
				GCC_WARN_ABOUT_RETURN_TYPE = YES_ERROR;
				GCC_WARN_UNDECLARED_SELECTOR = YES;
				GCC_WARN_UNINITIALIZED_AUTOS = YES_AGGRESSIVE;
				GCC_WARN_UNUSED_FUNCTION = YES;
				GCC_WARN_UNUSED_VARIABLE = YES;
				IPHONEOS_DEPLOYMENT_TARGET = 8.3;
				MTL_ENABLE_DEBUG_INFO = NO;
				SDKROOT = iphoneos;
				VALIDATE_PRODUCT = YES;
			};
			name = Release;
		};
		9FDCF5981B41B87200CF137B /* Debug */ = {
			isa = XCBuildConfiguration;
			buildSettings = {
				ASSETCATALOG_COMPILER_APPICON_NAME = AppIcon;
				INFOPLIST_FILE = SimpleCalculator/Info.plist;
				LD_RUNPATH_SEARCH_PATHS = "$(inherited) @executable_path/Frameworks";
				PRODUCT_NAME = "$(TARGET_NAME)";
			};
			name = Debug;
		};
		9FDCF5991B41B87200CF137B /* Release */ = {
			isa = XCBuildConfiguration;
			buildSettings = {
				ASSETCATALOG_COMPILER_APPICON_NAME = AppIcon;
				INFOPLIST_FILE = SimpleCalculator/Info.plist;
				LD_RUNPATH_SEARCH_PATHS = "$(inherited) @executable_path/Frameworks";
				PRODUCT_NAME = "$(TARGET_NAME)";
			};
			name = Release;
		};
		9FDCF59B1B41B87200CF137B /* Debug */ = {
			isa = XCBuildConfiguration;
			buildSettings = {
				BUNDLE_LOADER = "$(TEST_HOST)";
				FRAMEWORK_SEARCH_PATHS = (
					"$(SDKROOT)/Developer/Library/Frameworks",
					"$(inherited)",
				);
				GCC_PREPROCESSOR_DEFINITIONS = (
					"DEBUG=1",
					"$(inherited)",
				);
				INFOPLIST_FILE = SimpleCalculatorTests/Info.plist;
				LD_RUNPATH_SEARCH_PATHS = "$(inherited) @executable_path/Frameworks @loader_path/Frameworks";
				PRODUCT_NAME = "$(TARGET_NAME)";
				TEST_HOST = "$(BUILT_PRODUCTS_DIR)/SimpleCalculator.app/SimpleCalculator";
			};
			name = Debug;
		};
		9FDCF59C1B41B87200CF137B /* Release */ = {
			isa = XCBuildConfiguration;
			buildSettings = {
				BUNDLE_LOADER = "$(TEST_HOST)";
				FRAMEWORK_SEARCH_PATHS = (
					"$(SDKROOT)/Developer/Library/Frameworks",
					"$(inherited)",
				);
				INFOPLIST_FILE = SimpleCalculatorTests/Info.plist;
				LD_RUNPATH_SEARCH_PATHS = "$(inherited) @executable_path/Frameworks @loader_path/Frameworks";
				PRODUCT_NAME = "$(TARGET_NAME)";
				TEST_HOST = "$(BUILT_PRODUCTS_DIR)/SimpleCalculator.app/SimpleCalculator";
			};
			name = Release;
		};
/* End XCBuildConfiguration section */

/* Begin XCConfigurationList section */
		9FDCF56F1B41B87200CF137B /* Build configuration list for PBXProject "SimpleCalculator" */ = {
			isa = XCConfigurationList;
			buildConfigurations = (
				9FDCF5951B41B87200CF137B /* Debug */,
				9FDCF5961B41B87200CF137B /* Release */,
			);
			defaultConfigurationIsVisible = 0;
			defaultConfigurationName = Release;
		};
		9FDCF5971B41B87200CF137B /* Build configuration list for PBXNativeTarget "SimpleCalculator" */ = {
			isa = XCConfigurationList;
			buildConfigurations = (
				9FDCF5981B41B87200CF137B /* Debug */,
				9FDCF5991B41B87200CF137B /* Release */,
			);
			defaultConfigurationIsVisible = 0;
		};
		9FDCF59A1B41B87200CF137B /* Build configuration list for PBXNativeTarget "SimpleCalculatorTests" */ = {
			isa = XCConfigurationList;
			buildConfigurations = (
				9FDCF59B1B41B87200CF137B /* Debug */,
				9FDCF59C1B41B87200CF137B /* Release */,
			);
			defaultConfigurationIsVisible = 0;
		};
/* End XCConfigurationList section */
	};
	rootObject = 9FDCF56C1B41B87200CF137B /* Project object */;
}
